
Microsoft Visual Studio Solution File, Format Version 12.00
# Visual Studio 15
VisualStudioVersion = 15.0.28307.329
MinimumVisualStudioVersion = 10.0.40219.1
Project("{FAE04EC0-301F-11D3-BF4B-00C04F79EFBC}") = "WebGSPSO", "WebApplication\WebGSPSO.csproj", "{2AD3ACB9-AE01-4AA2-8B82-A06137109700}"
EndProject
Project("{FAE04EC0-301F-11D3-BF4B-00C04F79EFBC}") = "Modelo", "WebApplicationMod\Modelo.csproj", "{34B51E67-F94E-4713-816F-A514F8096833}"
EndProject
Project("{FAE04EC0-301F-11D3-BF4B-00C04F79EFBC}") = "ModeloCRM", "ModeloCRM\ModeloCRM.csproj", "{B2421997-B950-4410-844F-69EC7C2433D6}"
EndProject
Global
	GlobalSection(SolutionConfigurationPlatforms) = preSolution
		Debug|Any CPU = Debug|Any CPU
		Release|Any CPU = Release|Any CPU
	EndGlobalSection
	GlobalSection(ProjectConfigurationPlatforms) = postSolution
		{2AD3ACB9-AE01-4AA2-8B82-A06137109700}.Debug|Any CPU.ActiveCfg = Debug|Any CPU
		{2AD3ACB9-AE01-4AA2-8B82-A06137109700}.Debug|Any CPU.Build.0 = Debug|Any CPU
		{2AD3ACB9-AE01-4AA2-8B82-A06137109700}.Release|Any CPU.ActiveCfg = Release|Any CPU
		{2AD3ACB9-AE01-4AA2-8B82-A06137109700}.Release|Any CPU.Build.0 = Release|Any CPU
		{2AD3ACB9-AE01-4AA2-8B82-A06137109700}.Release|Any CPU.Deploy.0 = Release|Any CPU
		{34B51E67-F94E-4713-816F-A514F8096833}.Debug|Any CPU.ActiveCfg = Debug|Any CPU
		{34B51E67-F94E-4713-816F-A514F8096833}.Debug|Any CPU.Build.0 = Debug|Any CPU
		{34B51E67-F94E-4713-816F-A514F8096833}.Release|Any CPU.ActiveCfg = Release|Any CPU
		{34B51E67-F94E-4713-816F-A514F8096833}.Release|Any CPU.Build.0 = Release|Any CPU
		{B2421997-B950-4410-844F-69EC7C2433D6}.Debug|Any CPU.ActiveCfg = Debug|Any CPU
		{B2421997-B950-4410-844F-69EC7C2433D6}.Debug|Any CPU.Build.0 = Debug|Any CPU
		{B2421997-B950-4410-844F-69EC7C2433D6}.Release|Any CPU.ActiveCfg = Release|Any CPU
		{B2421997-B950-4410-844F-69EC7C2433D6}.Release|Any CPU.Build.0 = Release|Any CPU
	EndGlobalSection
	GlobalSection(SolutionProperties) = preSolution
		HideSolutionNode = FALSE
	EndGlobalSection
EndGlobal
